<?xml version="1.0" encoding="utf-8"?>
<Project ToolsVersion="4.0" xmlns="http://schemas.microsoft.com/developer/msbuild/2003">
  <ItemGroup>
    <Filter Include="Source Files">
      <UniqueIdentifier>{4FC737F1-C7A5-4376-A066-2A32D752A2FF}</UniqueIdentifier>
      <Extensions>cpp;c;cc;cxx;def;odl;idl;hpj;bat;asm;asmx</Extensions>
    </Filter>
    <Filter Include="Header Files">
      <UniqueIdentifier>{93995380-89BD-4b04-88EB-625FBE52EBFB}</UniqueIdentifier>
      <Extensions>h;hpp;hxx;hm;inl;inc;xsd</Extensions>
    </Filter>
    <Filter Include="Extras">
      <UniqueIdentifier>{8bbae18d-aa25-40b3-b187-840bd1a23037}</UniqueIdentifier>
    </Filter>
    <Filter Include="Classes/Library">
      <UniqueIdentifier>{9876b948-55e0-4a75-8e50-ee1fa7d56a6b}</UniqueIdentifier>
    </Filter>
    <Filter Include="Packet &amp; capsule handlers">
      <UniqueIdentifier>{46009c63-423d-4eec-9d25-17fdf466916b}</UniqueIdentifier>
    </Filter>
    <Filter Include="Realm connector">
      <UniqueIdentifier>{4ba89405-b8cd-4a63-87c3-7042286fa4e1}</UniqueIdentifier>
    </Filter>
    <Filter Include="Thread handlers">
      <UniqueIdentifier>{d4fcc1a4-a1a5-4533-9ca9-a0222740f9d7}</UniqueIdentifier>
    </Filter>
  </ItemGroup>
  <ItemGroup>
    <ClCompile Include="src\main.cpp">
      <Filter>Source Files</Filter>
    </ClCompile>
    <ClCompile Include="src\ByteArray.cpp">
      <Filter>Classes/Library</Filter>
    </ClCompile>
    <ClCompile Include="src\ConfigFile.cpp">
      <Filter>Classes/Library</Filter>
    </ClCompile>
    <ClCompile Include="src\ZSocket.cpp">
      <Filter>Classes/Library</Filter>
    </ClCompile>
    <ClCompile Include="src\realmConnector.cpp">
      <Filter>Realm connector</Filter>
    </ClCompile>
    <ClCompile Include="src\threadHandler.cpp">
      <Filter>Thread handlers</Filter>
    </ClCompile>
    <ClCompile Include="src\threadPoolHandler.cpp">
      <Filter>Thread handlers</Filter>
    </ClCompile>
  </ItemGroup>
  <ItemGroup>
    <ClInclude Include="src\main.h">
      <Filter>Header Files</Filter>
    </ClInclude>
    <ClInclude Include="src\config.hpp">
      <Filter>Extras</Filter>
    </ClInclude>
    <ClInclude Include="src\ByteArray.h">
      <Filter>Classes/Library</Filter>
    </ClInclude>
    <ClInclude Include="src\ConfigFile.h">
      <Filter>Classes/Library</Filter>
    </ClInclude>
    <ClInclude Include="src\ZSocket.h">
      <Filter>Classes/Library</Filter>
    </ClInclude>
    <ClInclude Include="src\protocol.hpp">
      <Filter>Extras</Filter>
    </ClInclude>
    <ClInclude Include="src\version.hpp">
      <Filter>Extras</Filter>
    </ClInclude>
    <ClInclude Include="src\capsuleHandler.hpp">
      <Filter>Packet &amp; capsule handlers</Filter>
    </ClInclude>
    <ClInclude Include="src\capsuleHdl_updater.hpp">
      <Filter>Packet &amp; capsule handlers</Filter>
    </ClInclude>
    <ClInclude Include="src\capsuleHdl_sync.hpp">
      <Filter>Packet &amp; capsule handlers</Filter>
    </ClInclude>
    <ClInclude Include="src\capsuleHdl_default.hpp">
      <Filter>Packet &amp; capsule handlers</Filter>
    </ClInclude>
    <ClInclude Include="src\packetHandler.hpp">
      <Filter>Packet &amp; capsule handlers</Filter>
    </ClInclude>
    <ClInclude Include="src\realmConnector.h">
      <Filter>Realm connector</Filter>
    </ClInclude>
    <ClInclude Include="src\threadHandler.h">
      <Filter>Thread handlers</Filter>
    </ClInclude>
    <ClInclude Include="src\threadPoolHandler.h">
      <Filter>Thread handlers</Filter>
    </ClInclude>
  </ItemGroup>
</Project>