
Microsoft Visual Studio Solution File, Format Version 11.00
# Visual C++ Express 2010
Project("{8BC9CEB8-8B4A-11D0-8D11-00A0C91BC942}") = "NNYv3 World Server", "NNYv3 World Server.vcxproj", "{B8FA442B-B6E6-D861-723B-BD425392975F}"
EndProject
Global
	GlobalSection(SolutionConfigurationPlatforms) = preSolution
		Debug|Win32 = Debug|Win32
		Release|Win32 = Release|Win32
	EndGlobalSection
	GlobalSection(ProjectConfigurationPlatforms) = postSolution
		{B8FA442B-B6E6-D861-723B-BD425392975F}.Debug|Win32.ActiveCfg = Debug|Win32
		{B8FA442B-B6E6-D861-723B-BD425392975F}.Debug|Win32.Build.0 = Debug|Win32
		{B8FA442B-B6E6-D861-723B-BD425392975F}.Release|Win32.ActiveCfg = Release|Win32
		{B8FA442B-B6E6-D861-723B-BD425392975F}.Release|Win32.Build.0 = Release|Win32
	EndGlobalSection
	GlobalSection(SolutionProperties) = preSolution
		HideSolutionNode = FALSE
	EndGlobalSection
EndGlobal
