<?xml version="1.0" encoding="UTF-8" standalone="yes" ?>
<CodeBlocks_project_file>
	<FileVersion major="1" minor="6" />
	<Project>
		<Option title="NNYv3 World Server" />
		<Option pch_mode="2" />
		<Option compiler="gcc" />
		<Option virtualFolders="Extras\;Sources\;Headers\;Packet &amp; capsule handlers\;Thread handlers\;Classes\;Realm connector\;" />
		<Build>
			<Target title="Debug">
				<Option output="bin\Debug\NNYv3 World Server" prefix_auto="1" extension_auto="1" />
				<Option working_dir="..\..\Dependencies" />
				<Option object_output="obj\Debug\" />
				<Option type="1" />
				<Option compiler="gcc" />
				<Compiler>
					<Add option="-g" />
				</Compiler>
			</Target>
			<Target title="Release">
				<Option output="bin\Release\NNYv3 World Server" prefix_auto="1" extension_auto="1" />
				<Option working_dir="dep\" />
				<Option object_output="obj\Release\" />
				<Option type="1" />
				<Option compiler="gcc" />
				<Compiler>
					<Add option="-O2" />
				</Compiler>
				<Linker>
					<Add option="-s" />
				</Linker>
			</Target>
		</Build>
		<Compiler>
			<Add option="-O3" />
			<Add option="-O2" />
			<Add option="-O1" />
			<Add option="-O" />
			<Add option="-Wall" />
			<Add option="-fexceptions" />
			<Add directory="..\..\Dependencies\pthread\include" />
			<Add directory="..\..\Dependencies\MySQL\include" />
		</Compiler>
		<Linker>
			<Add library="..\..\Dependencies\winsocks2\libws2_32.a" />
			<Add library="..\..\Dependencies\pthread\lib\libpthreadGC2.a" />
			<Add library="..\..\Dependencies\MySQL\lib\libmysqlclient.a" />
		</Linker>
		<ExtraCommands>
			<Add before="$(PROJECT_DIR)\..\..\Tools\Autoversioning\gen.exe" />
		</ExtraCommands>
		<Unit filename="src\ByteArray.cpp">
			<Option virtualFolder="Classes\" />
		</Unit>
		<Unit filename="src\ByteArray.h">
			<Option virtualFolder="Classes\" />
		</Unit>
		<Unit filename="src\ConfigFile.cpp">
			<Option virtualFolder="Classes\" />
		</Unit>
		<Unit filename="src\ConfigFile.h">
			<Option virtualFolder="Classes\" />
		</Unit>
		<Unit filename="src\ZSocket.cpp">
			<Option virtualFolder="Classes\" />
		</Unit>
		<Unit filename="src\ZSocket.h">
			<Option virtualFolder="Classes\" />
		</Unit>
		<Unit filename="src\capsuleHandler.hpp">
			<Option virtualFolder="Packet &amp; capsule handlers\" />
		</Unit>
		<Unit filename="src\capsuleHdl_default.hpp">
			<Option virtualFolder="Packet &amp; capsule handlers\" />
		</Unit>
		<Unit filename="src\capsuleHdl_sync.hpp">
			<Option virtualFolder="Packet &amp; capsule handlers\" />
		</Unit>
		<Unit filename="src\capsuleHdl_updater.hpp">
			<Option virtualFolder="Packet &amp; capsule handlers\" />
		</Unit>
		<Unit filename="src\config.hpp">
			<Option virtualFolder="Extras\" />
		</Unit>
		<Unit filename="src\main.cpp">
			<Option virtualFolder="Sources\" />
		</Unit>
		<Unit filename="src\main.h">
			<Option virtualFolder="Headers\" />
		</Unit>
		<Unit filename="src\packetHandler.hpp">
			<Option virtualFolder="Packet &amp; capsule handlers\" />
		</Unit>
		<Unit filename="src\protocol.hpp">
			<Option virtualFolder="Extras\" />
		</Unit>
		<Unit filename="src\realmConnector.cpp">
			<Option virtualFolder="Realm connector\" />
		</Unit>
		<Unit filename="src\realmConnector.h">
			<Option virtualFolder="Realm connector\" />
		</Unit>
		<Unit filename="src\threadHandler.cpp">
			<Option virtualFolder="Thread handlers\" />
		</Unit>
		<Unit filename="src\threadHandler.h">
			<Option virtualFolder="Thread handlers\" />
		</Unit>
		<Unit filename="src\threadPoolHandler.cpp">
			<Option virtualFolder="Thread handlers\" />
		</Unit>
		<Unit filename="src\threadPoolHandler.h">
			<Option virtualFolder="Thread handlers\" />
		</Unit>
		<Unit filename="src\version.hpp">
			<Option virtualFolder="Extras\" />
		</Unit>
		<Extensions>
			<code_completion />
			<debugger />
		</Extensions>
	</Project>
</CodeBlocks_project_file>
