<?xml version="1.0" encoding="UTF-8" standalone="yes" ?>
<CodeBlocks_project_file>
	<FileVersion major="1" minor="6" />
	<Project>
		<Option title="NNYv3 World Server" />
		<Option pch_mode="2" />
		<Option compiler="gcc" />
		<Option virtualFolders="Configuration\;Sources\;Headers\;PacketHandler &amp; capsules\;Thread handlers\;Common\;Demultiplexing classes\;Main\;Threaded classes\;Game classes\;" />
		<Build>
			<Target title="Debug">
				<Option output="bin\Debug\NNYv3 World Server" prefix_auto="1" extension_auto="1" />
				<Option working_dir="..\..\Dependencies" />
				<Option object_output="obj\Debug\" />
				<Option type="1" />
				<Option compiler="gcc" />
				<Compiler>
					<Add option="-g" />
				</Compiler>
			</Target>
			<Target title="Release">
				<Option output="bin\Release\NNYv3 World Server" prefix_auto="1" extension_auto="1" />
				<Option working_dir="dep\" />
				<Option object_output="obj\Release\" />
				<Option type="1" />
				<Option compiler="gcc" />
				<Compiler>
					<Add option="-O2" />
				</Compiler>
				<Linker>
					<Add option="-s" />
				</Linker>
			</Target>
			<Environment>
				<Variable name="ACE_ROOT" value="dep\ACE_wrappers" />
			</Environment>
		</Build>
		<Compiler>
			<Add option="-O3" />
			<Add option="-O2" />
			<Add option="-O1" />
			<Add option="-O" />
			<Add option="-Wall" />
			<Add option="-fexceptions" />
			<Add directory="..\..\Dependencies\pthread\include" />
			<Add directory="..\..\Dependencies\MySQL\include" />
			<Add directory="..\Common" />
		</Compiler>
		<Linker>
			<Add library="..\..\Dependencies\winsocks2\lib\libws2_32.a" />
			<Add library="..\..\Dependencies\pthread\lib\libpthreadGCE2.a" />
			<Add library="..\..\Dependencies\MySQL\lib\libmysql.lib" />
		</Linker>
		<Unit filename="..\Common\ByteArray.cpp">
			<Option virtualFolder="Common\" />
		</Unit>
		<Unit filename="..\Common\ByteArray.h">
			<Option virtualFolder="Common\" />
		</Unit>
		<Unit filename="..\Common\ConfigFile.cpp">
			<Option virtualFolder="Common\" />
		</Unit>
		<Unit filename="..\Common\ConfigFile.h">
			<Option virtualFolder="Common\" />
		</Unit>
		<Unit filename="..\Common\HashTable.hpp">
			<Option virtualFolder="Common\" />
		</Unit>
		<Unit filename="..\Common\ZSocket.cpp">
			<Option virtualFolder="Common\" />
		</Unit>
		<Unit filename="..\Common\ZSocket.h">
			<Option virtualFolder="Common\" />
		</Unit>
		<Unit filename="..\Common\protocol.h">
			<Option virtualFolder="Common\" />
		</Unit>
		<Unit filename="..\Common\sharedModels.h">
			<Option virtualFolder="Common\" />
		</Unit>
		<Unit filename="src\Acceptor.cpp">
			<Option virtualFolder="Demultiplexing classes\" />
		</Unit>
		<Unit filename="src\Acceptor.h">
			<Option virtualFolder="Demultiplexing classes\" />
		</Unit>
		<Unit filename="src\Database.cpp">
			<Option virtualFolder="Game classes\" />
		</Unit>
		<Unit filename="src\Database.h">
			<Option virtualFolder="Game classes\" />
		</Unit>
		<Unit filename="src\Grid.cpp">
			<Option virtualFolder="Game classes\" />
		</Unit>
		<Unit filename="src\Grid.h">
			<Option virtualFolder="Game classes\" />
		</Unit>
		<Unit filename="src\Thread.cpp">
			<Option virtualFolder="Threaded classes\" />
		</Unit>
		<Unit filename="src\Thread.h">
			<Option virtualFolder="Threaded classes\" />
		</Unit>
		<Unit filename="src\ThreadRealmConnector.cpp">
			<Option virtualFolder="Threaded classes\" />
		</Unit>
		<Unit filename="src\ThreadRealmConnector.h">
			<Option virtualFolder="Threaded classes\" />
		</Unit>
		<Unit filename="src\capsuleHandler.hpp">
			<Option virtualFolder="PacketHandler &amp; capsules\" />
		</Unit>
		<Unit filename="src\capsuleHdl_auth.hpp">
			<Option virtualFolder="PacketHandler &amp; capsules\" />
		</Unit>
		<Unit filename="src\capsuleHdl_charlist.hpp">
			<Option virtualFolder="PacketHandler &amp; capsules\" />
		</Unit>
		<Unit filename="src\capsuleHdl_default.hpp">
			<Option virtualFolder="PacketHandler &amp; capsules\" />
		</Unit>
		<Unit filename="src\config.hpp">
			<Option virtualFolder="Configuration\" />
		</Unit>
		<Unit filename="src\config_static.h">
			<Option virtualFolder="Configuration\" />
		</Unit>
		<Unit filename="src\main.cpp">
			<Option virtualFolder="Main\" />
		</Unit>
		<Unit filename="src\main.h">
			<Option virtualFolder="Main\" />
		</Unit>
		<Unit filename="src\packetHandler.hpp">
			<Option virtualFolder="PacketHandler &amp; capsules\" />
		</Unit>
		<Unit filename="src\threadHandler.cpp">
			<Option virtualFolder="Thread handlers\" />
		</Unit>
		<Unit filename="src\threadHandler.h">
			<Option virtualFolder="Thread handlers\" />
		</Unit>
		<Extensions>
			<code_completion />
			<debugger />
		</Extensions>
	</Project>
</CodeBlocks_project_file>
