
Microsoft Visual Studio Solution File, Format Version 10.00
# Visual C++ Express 2008
Project("{8BC9CEB8-8B4A-11D0-8D11-00A0C91BC942}") = "NNYv3", "src\NNYv3.vcproj", "{49AAEB67-FD3C-4FE7-9EE7-4DBCE1832557}"
EndProject
Global
	GlobalSection(SolutionConfigurationPlatforms) = preSolution
		Debug|Win32 = Debug|Win32
		Release|Win32 = Release|Win32
	EndGlobalSection
	GlobalSection(ProjectConfigurationPlatforms) = postSolution
		{49AAEB67-FD3C-4FE7-9EE7-4DBCE1832557}.Debug|Win32.ActiveCfg = Debug|Win32
		{49AAEB67-FD3C-4FE7-9EE7-4DBCE1832557}.Debug|Win32.Build.0 = Debug|Win32
		{49AAEB67-FD3C-4FE7-9EE7-4DBCE1832557}.Release|Win32.ActiveCfg = Release|Win32
		{49AAEB67-FD3C-4FE7-9EE7-4DBCE1832557}.Release|Win32.Build.0 = Release|Win32
	EndGlobalSection
	GlobalSection(SolutionProperties) = preSolution
		HideSolutionNode = FALSE
	EndGlobalSection
EndGlobal
