
Microsoft Visual Studio Solution File, Format Version 11.00
# Visual C++ Express 2010
Project("{8BC9CEB8-8B4A-11D0-8D11-00A0C91BC942}") = "NNYv3 Realm Server", "NNYv3 Realm Server.vcxproj", "{0A25A2E2-E491-2EC3-DC83-839D1BA3E13B}"
EndProject
Global
	GlobalSection(SolutionConfigurationPlatforms) = preSolution
		Debug|Win32 = Debug|Win32
		Release|Win32 = Release|Win32
	EndGlobalSection
	GlobalSection(ProjectConfigurationPlatforms) = postSolution
		{0A25A2E2-E491-2EC3-DC83-839D1BA3E13B}.Debug|Win32.ActiveCfg = Debug|Win32
		{0A25A2E2-E491-2EC3-DC83-839D1BA3E13B}.Debug|Win32.Build.0 = Debug|Win32
		{0A25A2E2-E491-2EC3-DC83-839D1BA3E13B}.Release|Win32.ActiveCfg = Release|Win32
		{0A25A2E2-E491-2EC3-DC83-839D1BA3E13B}.Release|Win32.Build.0 = Release|Win32
	EndGlobalSection
	GlobalSection(SolutionProperties) = preSolution
		HideSolutionNode = FALSE
	EndGlobalSection
EndGlobal
